
Microsoft Visual Studio Solution File, Format Version 12.00
# Visual Studio Version 17
VisualStudioVersion = 17.11.35327.3
MinimumVisualStudioVersion = 10.0.40219.1
Project("{FAE04EC0-301F-11D3-BF4B-00C04F79EFBC}") = "Non-editor with dynamic(22.10.2024) 1", "Non-editor with dynamic(22.10.2024) 1\Non-editor with dynamic(22.10.2024) 1.csproj", "{696AF737-022A-469A-99BA-00ADBD0FD648}"
EndProject
Project("{2150E333-8FDC-42A3-9474-1A3956D46DE8}") = "Элементы решения", "Элементы решения", "{1C26570A-3D32-471B-B31B-5C76A9E5EA86}"
EndProject
Global
	GlobalSection(SolutionConfigurationPlatforms) = preSolution
		Debug|Any CPU = Debug|Any CPU
		Release|Any CPU = Release|Any CPU
	EndGlobalSection
	GlobalSection(ProjectConfigurationPlatforms) = postSolution
		{696AF737-022A-469A-99BA-00ADBD0FD648}.Debug|Any CPU.ActiveCfg = Debug|Any CPU
		{696AF737-022A-469A-99BA-00ADBD0FD648}.Debug|Any CPU.Build.0 = Debug|Any CPU
		{696AF737-022A-469A-99BA-00ADBD0FD648}.Release|Any CPU.ActiveCfg = Release|Any CPU
		{696AF737-022A-469A-99BA-00ADBD0FD648}.Release|Any CPU.Build.0 = Release|Any CPU
	EndGlobalSection
	GlobalSection(SolutionProperties) = preSolution
		HideSolutionNode = FALSE
	EndGlobalSection
	GlobalSection(ExtensibilityGlobals) = postSolution
		SolutionGuid = {7C8C1E10-F507-4636-8666-6E81A5762024}
	EndGlobalSection
EndGlobal
